{
  "requires": true,
  "lockfileVersion": 1,
  "dependencies": {
    "@kurkle/color": {
      "version": "0.3.2",
      "resolved": "https://registry.npmjs.org/@kurkle/color/-/color-0.3.2.tgz",
      "integrity": "sha512-fuscdXJ9G1qb7W8VdHi+IwRqij3lBkosAm4ydQtEmbY58OzHXqQhvlxqEkoz0yssNVn38bcpRWgA9PP+OGoisw=="
    },
    "bootstrap": {
      "version": "4.1.2",
      "resolved": "https://registry.npmjs.org/bootstrap/-/bootstrap-4.1.2.tgz",
      "integrity": "sha512-3bP609EdMc/8EwgGp8KgpN8HwnR4V4lZ9CTi5pImMrXNxpkw7dK1B05aMwQWpG1ZWmTLlBSN/uzkuz5GsmQNFA=="
    },
    "chart.js": {
      "version": "4.2.1",
      "resolved": "https://registry.npmjs.org/chart.js/-/chart.js-4.2.1.tgz",
      "integrity": "sha512-6YbpQ0nt3NovAgOzbkSSeeAQu/3za1319dPUQTXn9WcOpywM8rGKxJHrhS8V8xEkAlk8YhEfjbuAPfUyp6jIsw==",
      "requires": {
        "@kurkle/color": "^0.3.0"
      }
    },
    "datatables.net": {
      "version": "1.10.19",
      "resolved": "https://registry.npmjs.org/datatables.net/-/datatables.net-1.10.19.tgz",
      "integrity": "sha512-+ljXcI6Pj3PTGy5pesp3E5Dr3x3AV45EZe0o1r0gKENN2gafBKXodVnk2ypKwl2tTmivjxbkiqoWnipTefyBTA==",
      "requires": {
        "jquery": ">=1.7"
      }
    },
    "datatables.net-dt": {
      "version": "1.10.19",
      "resolved": "https://registry.npmjs.org/datatables.net-dt/-/datatables.net-dt-1.10.19.tgz",
      "integrity": "sha512-joFHYjLYvr9VnC9Fx3e+8jtXnQ/fP/mPFWt9p0NhZ3Zm5N0jlYyWhJQbnLkihOLuDcDFMaGdBQSvmIdTVdgGyw==",
      "requires": {
        "datatables.net": "1.10.19",
        "jquery": ">=1.7"
      }
    },
    "jquery": {
      "version": "3.6.4",
      "resolved": "https://registry.npmjs.org/jquery/-/jquery-3.6.4.tgz",
      "integrity": "sha512-v28EW9DWDFpzcD9O5iyJXg3R3+q+mET5JhnjJzQUZMHOv67bpSIHq81GEYpPNZHG+XXHsfSme3nxp/hndKEcsQ=="
    },
    "tabulator-tables": {
      "version": "5.4.4",
      "resolved": "https://registry.npmjs.org/tabulator-tables/-/tabulator-tables-5.4.4.tgz",
      "integrity": "sha512-WqPWLRwrD8UMISUjQqZyj6y9k3ajQBs7eJtRosbt9q8RRkZlYCJYGxLt3L44jEXaQCE5q5EJFbGeDUEDJa1a3w=="
    }
  }
}
